<?xml version="1.0" encoding="utf-8"?>
<Project ToolsVersion="16.0" xmlns="http://schemas.microsoft.com/developer/msbuild/2003">
  <ItemGroup>
    <ClCompile Include="D:\Smaug\Smaug\main.cpp">
      <Filter>Source Files</Filter>
    </ClCompile>
    <ClCompile Include="D:\Smaug\Smaug\baseview.cpp">
      <Filter>Source Files</Filter>
    </ClCompile>
    <ClCompile Include="D:\Smaug\Smaug\3dview.cpp">
      <Filter>Source Files</Filter>
    </ClCompile>
    <ClCompile Include="D:\Smaug\Smaug\uiview.cpp">
      <Filter>Source Files</Filter>
    </ClCompile>
    <ClCompile Include="D:\Smaug\Smaug\editview.cpp">
      <Filter>Source Files</Filter>
    </ClCompile>
    <ClCompile Include="smaugapp.cpp" />
  </ItemGroup>
  <ItemGroup>
    <CustomBuild Include="D:\Smaug\Smaug\CMakeLists.txt" />
  </ItemGroup>
  <ItemGroup>
    <Filter Include="Source Files">
      <UniqueIdentifier>{95D49B94-70E6-3D4F-972A-12CCF993A942}</UniqueIdentifier>
    </Filter>
  </ItemGroup>
  <ItemGroup>
    <ClInclude Include="smaugapp.h" />
  </ItemGroup>
</Project>